# THIS IS AN AUTOGENERATED FILE. DO NOT EDIT THIS FILE DIRECTLY.
assets/about-1.jpg:
  development: 2017-11-13T21:31:22+13:00   0dab074aed2c4c5d8874312e6200aab2
assets/about-2.jpg:
  development: 2017-11-13T21:31:22+13:00   925d1438fc23a9af7ce7af1385e24ea3
assets/about-3.jpg:
  development: 2017-11-13T21:31:22+13:00   e5374e0f06ed58757f0b120c9e50cace
assets/black_horn.jpg:
  development: 2017-11-17T22:30:02+13:00   2c58bdee314fe60ae989c447fd40e8b7
assets/black_horn.png:
  development: 2017-11-17T22:30:03+13:00   3317f96b518b40a0f8ecf374133a4d15
assets/black_white_horn.png:
  development: 2017-11-17T22:30:04+13:00   d0e9cd0ade68594842a31e6c84931b69
assets/blonde_born.png:
  development: 2017-11-17T22:30:03+13:00   29454b72885b2bcbf84ab5fab68af24c
assets/campaign-1-f.png:
  development: 2017-11-13T21:31:23+13:00   13f71a21a225857068768aebfd43b6ac
assets/campaign-1-f_tmp486555823:
  development: 2017-11-13T21:31:23+13:00
assets/campaign-1-f_tmp1191863349:
  development: 2017-11-13T21:31:23+13:00
assets/campaign-1-m.png:
  development: 2017-11-13T21:31:24+13:00   ea5860cab73a55feb50f3868e54adb90
assets/campaign-1-m_tmp1173544142:
  development: 2017-11-13T21:31:24+13:00
assets/campaign-1-m_tmp1984809310:
  development: 2017-11-13T21:31:24+13:00
assets/campaign-2.png:
  development: 2017-11-13T21:31:24+13:00   d3ae436bb9431d5b34e266169428aec3
assets/campaign-2_tmp337720056:
  development: 2017-11-13T21:31:25+13:00
assets/campaign-2a.png:
  development: 2017-11-13T21:31:25+13:00   0e071a9c6f6d8d5d5eaa1c594c7116fe
assets/campaign-3.png:
  development: 2017-11-13T21:31:26+13:00   f5ea56c8a1be3cebd2bd93bf936d9c94
assets/campaign-3_tmp1634419183:
  development: 2017-11-13T21:31:26+13:00
assets/campaign-4.png:
  development: 2017-11-13T21:31:26+13:00   38dc3143b0d57ee1d3423b65d074ce5e
assets/campaign-4a.png:
  development: 2017-11-13T21:31:27+13:00   5df0505e90b0ecd748d2294feb791bad
assets/campaign-5.png:
  development: 2017-11-13T21:31:27+13:00   6e3dd48898b345eaf84943c594e42270
assets/campaign-6.png:
  development: 2017-11-13T21:31:27+13:00   9ba8bf0b43d9381bdd69f563e8b9557e
assets/campaign-7.png:
  development: 2017-11-13T21:31:28+13:00   c0ea657434f803f44e925a34ba9c22fb
assets/campaign-7_tmp429885763:
  development: 2017-11-13T21:31:29+13:00
assets/campaign-8.png:
  development: 2017-11-13T21:31:29+13:00   ca5bf2f12c9e067f5c66a478ceac6cd4
assets/campaign-8_tmp879159143:
  development: 2017-11-13T21:31:29+13:00
assets/campaign-9.png:
  development: 2017-11-13T21:31:30+13:00   807689fe90f66770b9778bd8a7761fd9
assets/campaign-9_tmp198531527:
  development: 2017-11-13T21:31:30+13:00
assets/checkout.css.liquid:
  development: 2017-11-13T21:31:30+13:00   cb18c169a08cde3fe899563f899352f7
assets/checkout_logo.png:
  development: 2017-11-13T21:31:31+13:00   e1e30c0e3ffab9fc0a247c2d3c17a8a3
assets/css-bootstrap-min.css:
  development: 2017-11-13T21:31:31+13:00   2f624089c65f12185e79925bc5a7fc42
assets/css-bs4sf.css.liquid:
  development: 2017-11-13T21:31:31+13:00   a67b70be501505158e2d30308a9e1e5f
assets/dark_brown_horn.png:
  development: 2017-11-17T22:51:19+13:00   78ecacf5474f2da1ccd58479abb7a402
assets/font.css:
  development: 2017-11-13T21:31:31+13:00   eaa91a1898cd227de73aa5c3e3245bd5
assets/glyphicons-halflings-regular.eot:
  development: 2017-11-13T21:31:31+13:00   f4769f9bdb7466be65088239c12046d1
assets/glyphicons-halflings-regular.svg:
  development: 2017-11-13T21:31:31+13:00   89889688147bd7575d6327160d64e760
assets/glyphicons-halflings-regular.ttf:
  development: 2017-11-13T21:31:32+13:00   e18bbf611f2a2e43afc071aa2f4e1512
assets/glyphicons-halflings-regular.woff:
  development: 2017-11-13T21:31:32+13:00   fa2772327f55d8198301fdb8bcfc8158
assets/glyphicons-halflings-regular.woff2:
  development: 2017-11-13T21:31:32+13:00   448c34a56d699c29117adc64c43affeb
assets/hero-dark-1.jpg:
  development: 2017-11-13T21:31:32+13:00   a30a41d59aa305ae94667f1a12b3df5f
assets/hero-dark-2.jpg:
  development: 2017-11-13T21:31:33+13:00   3e57a3ea63c6ce4458aa60021fee7429
assets/hero-dark.jpg:
  development: 2017-11-13T21:31:33+13:00   75540c57758c81b9efde1e36dfc13ced
assets/hero-light-1.jpg:
  development: 2017-11-13T21:31:33+13:00   b7a4fb4b385aa70e62a4e350d5175838
assets/hero-light-2.jpg:
  development: 2017-11-13T21:31:34+13:00   865895fce872c6818119c0c6f9a566e0
assets/hero-light.jpg:
  development: 2017-11-13T21:31:34+13:00   b7a4fb4b385aa70e62a4e350d5175838
assets/img-bs4sf-sprite-2x.png:
  development: 2017-11-13T21:31:34+13:00   f8b4bd83afd43d583c39a1dc4899a4d9
assets/img-bs4sf-sprite.png:
  development: 2017-11-13T21:31:34+13:00   16c1f6858ad134a5344efacade548741
assets/img-no-image.png:
  development: 2017-11-13T21:31:34+13:00   28789a9bac0574a114bdef084c626999
assets/js-bootstrap-min.js:
  development: 2017-11-13T21:31:34+13:00   c5b5b2fa19bd66ff23211d9f844e0131
assets/js-bs4sf-min.js:
  development: 2017-11-13T21:31:35+13:00   f2c82d9a952ee9ede16bdce4bb14c102
assets/js-bs4sf.js:
  development: 2017-11-13T21:31:35+13:00   a0a43611b227071fb9c0dac04eb1230f
assets/js-html5shiv-min.js:
  development: 2017-11-13T21:31:35+13:00   262bb88879efaaf75c74154fe0308952
assets/js-jquery-min.js:
  development: 2017-11-13T21:31:35+13:00   f8dc72bdb1c7f8b6e6662b734f9fa5e2
assets/js-respond-min.js:
  development: 2017-11-13T21:31:35+13:00   494f19b3efe8b1c9eec515065bd996a3
assets/lewis-fredericks-1.png:
  development: 2017-11-13T21:31:36+13:00   4c6490ec137c0c35d180eea94acd252c
assets/lewis-fredericks-2.png:
  development: 2017-11-13T21:31:36+13:00   cc5c922c266989ad48ca169c295b23a0
assets/lewis-fredericks.png:
  development: 2017-11-13T21:31:36+13:00   87ad1f41530c4b98c0f95fe9c123d0a3
assets/lewisfredericks.css:
  development: 2017-11-13T21:31:36+13:00   63994e8f065ff159562c0313b78cd5d5
assets/lewisfredericks.js:
  development: 2017-11-17T23:25:31+13:00   b92722ec50b6f170568756fb3c6429b1
assets/lewisfredericks.js___jb_tmp___:
  development: 2017-11-17T23:25:31+13:00
assets/lookbook_web_6.jpg:
  development: 2017-11-13T21:31:40+13:00   ac3ac666ebcef146bbb12d3a323a187b
assets/lookbook_web3.jpg:
  development: 2017-11-13T21:31:37+13:00   30d4e12615465c3912eb7f8ce4a2053c
assets/lookbook_web3.png:
  development: 2017-11-13T21:31:38+13:00   5dcf76626c2b301e2a3c93bc42621f60
assets/lookbook_web3_tmp909928759:
  development: 2017-11-13T21:31:38+13:00
assets/lookbook_web4.jpg:
  development: 2017-11-13T21:31:38+13:00   d118d9c4b86cb7d798a42cfa8a58d18e
assets/lookbook_web4.png:
  development: 2017-11-13T21:31:39+13:00   389198b4f2db4a1fcda3a0deacb30293
assets/lookbook_web4_tmp855448973:
  development: 2017-11-13T21:31:39+13:00
assets/lookbook_web6.png:
  development: 2017-11-13T21:31:39+13:00   46266b355cdd5980bbcb6c9c8bc91060
assets/lookbook_web6_tmp971126091:
  development: 2017-11-13T21:31:40+13:00
assets/mr-lewis.css.liquid:
  development: 2017-11-19T18:09:54+13:00   957df1096d20c0fae1824c53d5e9a8b8
assets/mr-lewis.css.liquid.map:
  development: 2017-11-19T18:09:49+13:00   16ce9cf597eab05f08d20bd57731df5b
assets/mr-lewisfredericks.js:
  development: 2017-11-17T22:01:18+13:00   0cb26fcbba1a796809e418f43c19b95c
assets/national-regular.eot:
  development: 2017-11-13T21:31:40+13:00   1694659e71accb80e39ae8073ca5e661
assets/national-regular.svg:
  development: 2017-11-13T21:31:40+13:00   ee1390404373e01919186cd05e370b9a
assets/national-regular.ttf:
  development: 2017-11-13T21:31:40+13:00   16419b58587fd250ca8217cdfb6fd3ee
assets/national-regular.woff:
  development: 2017-11-13T21:31:41+13:00   1de1a56bc8b420291300eaa9da3994dc
assets/national-semibold.otf:
  development: 2017-11-17T23:16:41+13:00   5325527d261d37bf22abde8e267c7a2b
assets/new-lf-logo.png:
  development: 2017-11-19T17:42:33+13:00   f184d1b43b0926c1c9f7b5270ac3eae9
assets/respond-proxy.html:
  development: 2017-11-13T21:31:41+13:00   8885bf9cd1f60cbad9ad4db218833725
assets/select-dark.png:
  development: 2017-11-13T21:31:41+13:00   830ce414529bba09de3c441f9426c291
assets/select-light.png:
  development: 2017-11-13T21:31:41+13:00   c0d33dcd235cad5a3964e33c60d55f4e
assets/shopstorm-apps.js.liquid:
  development: 2017-11-17T21:37:30+13:00   e22c2d184c1b52f5c7d7fcafda2e8941
assets/shopstorm-apps.scss.liquid:
  development: 2017-11-17T21:37:34+13:00   0a592105e59ee640dcd5d1d4d27f4163
assets/siteicon.png:
  development: 2017-11-13T21:31:41+13:00   999fe0412baa5e957f968e2a35aea1c5
config/settings_data.json:
  development: 2017-11-13T21:31:22+13:00   81ad9c16ca6e8a86c5d4f2d1ee1185b4
config/settings_schema.json:
  development: 2017-11-13T21:31:42+13:00   6448573317747c2ee0e4a0a7cc53bd08
layout/theme.liquid:
  development: 2017-11-17T22:59:04+13:00   b16e78d363abad7e0d6a93dff3093318
snippets/cart-item.liquid:
  development: 2017-11-17T23:30:45+13:00   7f06fda5a8e699d5f541571e9638bfdd
snippets/cart-item.liquid___jb_old___:
  development: 2017-11-17T23:30:30+13:00
snippets/collection-listing.liquid:
  development: 2017-11-13T21:31:41+13:00   8035034049497173a898e55e3e6425c8
snippets/comment.liquid:
  development: 2017-11-13T21:31:41+13:00   af348540d31935a6889001fec3da7ebe
snippets/footer-pay.liquid:
  development: 2017-11-13T21:31:41+13:00   dc8fc06b8b76dee50179ea289bee2c6a
snippets/footer-social.liquid:
  development: 2017-11-13T21:31:41+13:00   fd4b85f4600327a1c51d2c46833b7a8e
snippets/footer.liquid:
  development: 2017-11-13T21:31:41+13:00   254bff8aab626310fed47944ae6443ed
snippets/gravatar.liquid:
  development: 2017-11-13T21:31:41+13:00   f49a533dd591dd64881daccc062f37c9
snippets/head-og.liquid:
  development: 2017-11-13T21:31:41+13:00   3c34511a4957150fabb1fcd0951a0c3a
snippets/head-seo.liquid:
  development: 2017-11-13T21:31:41+13:00   0440d8632c1b3844faaf01be664021f6
snippets/head-social.liquid:
  development: 2017-11-13T21:31:41+13:00   ad5e2dd2c9b70cf861f404050e5b96bb
snippets/navbar.liquid:
  development: 2017-11-13T21:31:42+13:00   5354db32e552d8589b1b8cd44047dc92
snippets/pagination.liquid:
  development: 2017-11-13T21:31:42+13:00   80c4de38b8e3092afd8455b1de485a4a
snippets/product-content.liquid:
  development: 2017-11-17T21:56:54+13:00   bfe038bd6e49f32717d34f1bb0a9f330
snippets/product-customizer-helper.liquid:
  development: 2017-11-17T21:37:32+13:00   25463aa4ea0f268f14d5893ee7fb672a
snippets/product-customizer.liquid:
  development: 2017-11-17T23:15:30+13:00   841c40d5d9eb5a39accd46729ab90672
snippets/product-list.liquid:
  development: 2017-11-13T21:31:42+13:00   c7ae81d0232633c95d394a528ebb994e
snippets/product.liquid:
  development: 2017-11-13T21:31:42+13:00   79000773a906a3f831413bd600b43c6b
snippets/respond.liquid:
  development: 2017-11-13T21:31:42+13:00   af86f69dea4dda053c7c9c3d9e87cdeb
snippets/shopstorm-scripttags.liquid:
  development: 2017-11-17T21:37:35+13:00   a6265ffecdd4a371bdeb37ad45a69fc2
snippets/sidebar.liquid:
  development: 2017-11-13T21:31:42+13:00   c0de0df3ef17d306b2042dc86e898d6b
snippets/slideshow.liquid:
  development: 2017-11-13T21:31:42+13:00   9ae998caada509098346d552d2011d36
snippets/social-widget.liquid:
  development: 2017-11-13T21:31:42+13:00   4ad44123bc415e570072dd80af3fa299
snippets/tag-list.liquid:
  development: 2017-11-13T21:31:42+13:00   955566940973457c52ef50aeaf807864
snippets/variables.liquid:
  development: 2017-11-13T21:31:42+13:00   a39fe371d650b20bc4b49a09d1cc0b4e
templates/404.liquid:
  development: 2017-11-13T21:31:42+13:00   edfe0afb08cf48b724e24c2776fdac54
templates/article.liquid:
  development: 2017-11-13T21:31:42+13:00   2b280a0fa1c8bad75c4f047a2562da02
templates/blog.liquid:
  development: 2017-11-13T21:31:42+13:00   6f46aa8e6bbc548bf7d0e70f7cf36d4b
templates/cart.liquid:
  development: 2017-11-13T21:31:42+13:00   bdd7f870c3c0b9b0db4b057e0fe1fabd
templates/collection.liquid:
  development: 2017-11-17T21:39:25+13:00   f22dd8f25363273f5c8d877b6b0d2ebe
templates/customers/account.liquid:
  development: 2017-11-13T21:31:42+13:00   28bee1fe20c7db99d06a6b1d471980f7
templates/customers/activate_account.liquid:
  development: 2017-11-13T21:31:42+13:00   129fbf5758b23af23a690d1b0dc4fdeb
templates/customers/addresses.liquid:
  development: 2017-11-13T21:31:42+13:00   6cafe25ed7122bbb27b775f9e605421d
templates/customers/login.liquid:
  development: 2017-11-13T21:31:42+13:00   86b6ea9262cc5891396ba7b6b4246ea3
templates/customers/order.liquid:
  development: 2017-11-13T21:31:42+13:00   a924b1c8d873647f8a5eba455ce1e956
templates/customers/register.liquid:
  development: 2017-11-13T21:31:42+13:00   1ec541a6218e092b534bd47efd60014c
templates/customers/reset_password.liquid:
  development: 2017-11-13T21:31:42+13:00   74445f6966edb4cc219d11d270e5af4f
templates/index.liquid:
  development: 2017-11-19T18:02:05+13:00   ba4bb74be3e231179f1ee1ec2b8d7c71
templates/page.contact.liquid:
  development: 2017-11-13T21:31:42+13:00   8ee8ea840aa270ac9708687a6c8c834e
templates/page.liquid:
  development: 2017-11-13T21:31:42+13:00   d305b7ceb7784b971782147d121e8e0a
templates/product.liquid:
  development: 2017-11-17T21:39:42+13:00   1ca4e23bfd14304b8d19e4050f263cc1
templates/search.liquid:
  development: 2017-11-17T21:39:44+13:00   7b710102828c2d11562b4984d5c04329
